
Microsoft Visual Studio Solution File, Format Version 12.00
# Visual Studio 14
VisualStudioVersion = 14.0.25420.1
MinimumVisualStudioVersion = 10.0.40219.1
Project("{FAE04EC0-301F-11D3-BF4B-00C04F79EFBC}") = "WarhaManager", "WarhaManager\WarhaManager.csproj", "{5C4BB105-D2C4-490B-8F15-93134A1BFC98}"
EndProject
Project("{FAE04EC0-301F-11D3-BF4B-00C04F79EFBC}") = "WarhaManager.DAL", "WarhaManager.DAL\WarhaManager.DAL.csproj", "{3F3C3301-280C-4FB3-ABCE-FF73AF4011DE}"
EndProject
Global
	GlobalSection(SolutionConfigurationPlatforms) = preSolution
		Debug|Any CPU = Debug|Any CPU
		Release|Any CPU = Release|Any CPU
	EndGlobalSection
	GlobalSection(ProjectConfigurationPlatforms) = postSolution
		{5C4BB105-D2C4-490B-8F15-93134A1BFC98}.Debug|Any CPU.ActiveCfg = Debug|Any CPU
		{5C4BB105-D2C4-490B-8F15-93134A1BFC98}.Debug|Any CPU.Build.0 = Debug|Any CPU
		{5C4BB105-D2C4-490B-8F15-93134A1BFC98}.Release|Any CPU.ActiveCfg = Release|Any CPU
		{5C4BB105-D2C4-490B-8F15-93134A1BFC98}.Release|Any CPU.Build.0 = Release|Any CPU
		{3F3C3301-280C-4FB3-ABCE-FF73AF4011DE}.Debug|Any CPU.ActiveCfg = Debug|Any CPU
		{3F3C3301-280C-4FB3-ABCE-FF73AF4011DE}.Debug|Any CPU.Build.0 = Debug|Any CPU
		{3F3C3301-280C-4FB3-ABCE-FF73AF4011DE}.Release|Any CPU.ActiveCfg = Release|Any CPU
		{3F3C3301-280C-4FB3-ABCE-FF73AF4011DE}.Release|Any CPU.Build.0 = Release|Any CPU
	EndGlobalSection
	GlobalSection(SolutionProperties) = preSolution
		HideSolutionNode = FALSE
	EndGlobalSection
EndGlobal
